
Microsoft Visual Studio Solution File, Format Version 12.00
# Visual Studio Version 16
VisualStudioVersion = 16.0.31025.194
MinimumVisualStudioVersion = 10.0.40219.1
Project("{FAE04EC0-301F-11D3-BF4B-00C04F79EFBC}") = "ChainOfResponsibility", "ChainOfResponsibility\ChainOfResponsibility.csproj", "{80CDC5A9-DA4D-42DC-827C-EF1736B6C34E}"
EndProject
Global
	GlobalSection(SolutionConfigurationPlatforms) = preSolution
		Debug|Any CPU = Debug|Any CPU
		Release|Any CPU = Release|Any CPU
	EndGlobalSection
	GlobalSection(ProjectConfigurationPlatforms) = postSolution
		{80CDC5A9-DA4D-42DC-827C-EF1736B6C34E}.Debug|Any CPU.ActiveCfg = Debug|Any CPU
		{80CDC5A9-DA4D-42DC-827C-EF1736B6C34E}.Debug|Any CPU.Build.0 = Debug|Any CPU
		{80CDC5A9-DA4D-42DC-827C-EF1736B6C34E}.Release|Any CPU.ActiveCfg = Release|Any CPU
		{80CDC5A9-DA4D-42DC-827C-EF1736B6C34E}.Release|Any CPU.Build.0 = Release|Any CPU
	EndGlobalSection
	GlobalSection(SolutionProperties) = preSolution
		HideSolutionNode = FALSE
	EndGlobalSection
	GlobalSection(ExtensibilityGlobals) = postSolution
		SolutionGuid = {44657E5E-E4E5-4563-86B5-C5155F01F4C0}
	EndGlobalSection
EndGlobal
